
Microsoft Visual Studio Solution File, Format Version 10.00
# Visual Studio 2008
Project("{FAE04EC0-301F-11D3-BF4B-00C04F79EFBC}") = "Unit3", "Unit3\Unit3.csproj", "{CCD0F692-F810-4C0E-8B48-BD3CDAF8760A}"
EndProject
Global
	GlobalSection(SolutionConfigurationPlatforms) = preSolution
		Debug|Any CPU = Debug|Any CPU
		Release|Any CPU = Release|Any CPU
	EndGlobalSection
	GlobalSection(ProjectConfigurationPlatforms) = postSolution
		{CCD0F692-F810-4C0E-8B48-BD3CDAF8760A}.Debug|Any CPU.ActiveCfg = Debug|Any CPU
		{CCD0F692-F810-4C0E-8B48-BD3CDAF8760A}.Debug|Any CPU.Build.0 = Debug|Any CPU
		{CCD0F692-F810-4C0E-8B48-BD3CDAF8760A}.Release|Any CPU.ActiveCfg = Release|Any CPU
		{CCD0F692-F810-4C0E-8B48-BD3CDAF8760A}.Release|Any CPU.Build.0 = Release|Any CPU
	EndGlobalSection
	GlobalSection(SolutionProperties) = preSolution
		HideSolutionNode = FALSE
	EndGlobalSection
EndGlobal
